
Microsoft Visual Studio Solution File, Format Version 12.00
# Visual Studio Version 17
VisualStudioVersion = 17.5.002.0
MinimumVisualStudioVersion = 10.0.40219.1
Project("{2150E333-8FDC-42A3-9474-1A3956D46DE8}") = "Strings", "Strings", "{94CD8266-444F-432D-AE3F-800D2928BE88}"
EndProject
Project("{9A19103F-16F7-4668-BE54-9A1E7A4F7556}") = "Manipulation", "Strings\Manipulation\Manipulation.csproj", "{3D20D067-86EC-4A28-91E7-A8FCE88B0191}"
EndProject
Project("{9A19103F-16F7-4668-BE54-9A1E7A4F7556}") = "Searching", "Strings\Searching\Searching.csproj", "{1340D858-12E3-45BD-8144-86E4BBFDEF73}"
EndProject
Project("{9A19103F-16F7-4668-BE54-9A1E7A4F7556}") = "Formatting", "Strings\Formatting\Formatting.csproj", "{2D50BD82-7D12-4135-AAAF-6793B1C5F525}"
EndProject
Project("{9A19103F-16F7-4668-BE54-9A1E7A4F7556}") = "Interpolation", "Strings\Interpolation\Interpolation.csproj", "{E063A7BF-3A67-450D-ABA9-E84D8EE8A285}"
EndProject
Project("{2150E333-8FDC-42A3-9474-1A3956D46DE8}") = "Regex", "Regex", "{A515D5B1-BE16-427B-8B1D-5BD5B89A297E}"
EndProject
Project("{9A19103F-16F7-4668-BE54-9A1E7A4F7556}") = "Finding", "Regex\Finding\Finding.csproj", "{B6F34B69-8E81-448F-BEA1-B4DA3DED566C}"
EndProject
Project("{9A19103F-16F7-4668-BE54-9A1E7A4F7556}") = "RegexTimeouts", "Regex\Timeouts\RegexTimeouts.csproj", "{1EE21E98-CD3C-41B1-AE9B-1DC776FC4BFC}"
EndProject
Project("{9A19103F-16F7-4668-BE54-9A1E7A4F7556}") = "Replacing", "Regex\Replacing\Replacing.csproj", "{6B0627D6-FC80-4096-92F4-6915008E7627}"
EndProject
Project("{2150E333-8FDC-42A3-9474-1A3956D46DE8}") = "NumbersDates", "NumbersDates", "{BA816845-35D1-4AB8-BAE3-20D7030C05C6}"
EndProject
Project("{9A19103F-16F7-4668-BE54-9A1E7A4F7556}") = "FormatDates", "NumbersDates\FormatDates\FormatDates.csproj", "{CE720216-0D28-4302-AB7A-86D98C0D0983}"
EndProject
Project("{9A19103F-16F7-4668-BE54-9A1E7A4F7556}") = "DateTimeClass", "NumbersDates\DateTimeClass\DateTimeClass.csproj", "{048585B4-0335-4E68-849C-735F48F022DA}"
EndProject
Project("{9A19103F-16F7-4668-BE54-9A1E7A4F7556}") = "FormatNumbers", "NumbersDates\FormatNumbers\FormatNumbers.csproj", "{99F4C37D-1CFA-4EC8-83C9-3C862AE20DE6}"
EndProject
Project("{9A19103F-16F7-4668-BE54-9A1E7A4F7556}") = "ParseDates", "NumbersDates\ParseDates\ParseDates.csproj", "{EAA1F3C4-1349-4486-9DD0-BF4A04ABDE34}"
EndProject
Project("{9A19103F-16F7-4668-BE54-9A1E7A4F7556}") = "ParseNumbers", "NumbersDates\ParseNumbers\ParseNumbers.csproj", "{22AA6B61-61EA-4E8C-909E-B4F1E53A653F}"
EndProject
Project("{2150E333-8FDC-42A3-9474-1A3956D46DE8}") = "Files", "Files", "{1F29A3C7-3F46-4608-A1AA-F32EBDAFE123}"
EndProject
Project("{9A19103F-16F7-4668-BE54-9A1E7A4F7556}") = "ReadWriteFiles", "Files\ReadWriteFiles\ReadWriteFiles.csproj", "{92E37A29-90F6-4559-BFE9-07E94748A761}"
EndProject
Project("{9A19103F-16F7-4668-BE54-9A1E7A4F7556}") = "FileInfo", "Files\FileInfo\FileInfo.csproj", "{22B33CF7-93FA-441F-8617-69ADBE0EF594}"
EndProject
Project("{9A19103F-16F7-4668-BE54-9A1E7A4F7556}") = "Directories", "Files\Directories\Directories.csproj", "{12B15673-C554-41BD-8AD8-FC4980B65DB6}"
EndProject
Project("{9A19103F-16F7-4668-BE54-9A1E7A4F7556}") = "CreateFiles", "Files\CreateFiles\CreateFiles.csproj", "{8CEB4494-D6DC-444D-B4C2-7613E6E34908}"
EndProject
Project("{2150E333-8FDC-42A3-9474-1A3956D46DE8}") = "Overview", "Overview", "{AA3FDC2C-DBEF-40EF-A8D9-261968C8C458}"
EndProject
Project("{9A19103F-16F7-4668-BE54-9A1E7A4F7556}") = "DataTypes", "Overview\DataTypes\DataTypes.csproj", "{B4EA6499-BCAE-40B3-B643-BC1D0E2B4880}"
EndProject
Project("{9A19103F-16F7-4668-BE54-9A1E7A4F7556}") = "MyConsoleApp", "Overview\MyConsoleApp\MyConsoleApp.csproj", "{226F957E-CBFF-46C8-91BE-750C3B09E820}"
EndProject
Project("{9A19103F-16F7-4668-BE54-9A1E7A4F7556}") = "GarbageCollect", "Overview\GarbageCollect\GarbageCollect.csproj", "{BBAFCB56-0DA4-465F-A42A-694C308BCD77}"
EndProject
Global
	GlobalSection(SolutionConfigurationPlatforms) = preSolution
		Debug|Any CPU = Debug|Any CPU
		Release|Any CPU = Release|Any CPU
	EndGlobalSection
	GlobalSection(ProjectConfigurationPlatforms) = postSolution
		{3D20D067-86EC-4A28-91E7-A8FCE88B0191}.Debug|Any CPU.ActiveCfg = Debug|Any CPU
		{3D20D067-86EC-4A28-91E7-A8FCE88B0191}.Debug|Any CPU.Build.0 = Debug|Any CPU
		{3D20D067-86EC-4A28-91E7-A8FCE88B0191}.Release|Any CPU.ActiveCfg = Release|Any CPU
		{3D20D067-86EC-4A28-91E7-A8FCE88B0191}.Release|Any CPU.Build.0 = Release|Any CPU
		{1340D858-12E3-45BD-8144-86E4BBFDEF73}.Debug|Any CPU.ActiveCfg = Debug|Any CPU
		{1340D858-12E3-45BD-8144-86E4BBFDEF73}.Debug|Any CPU.Build.0 = Debug|Any CPU
		{1340D858-12E3-45BD-8144-86E4BBFDEF73}.Release|Any CPU.ActiveCfg = Release|Any CPU
		{1340D858-12E3-45BD-8144-86E4BBFDEF73}.Release|Any CPU.Build.0 = Release|Any CPU
		{2D50BD82-7D12-4135-AAAF-6793B1C5F525}.Debug|Any CPU.ActiveCfg = Debug|Any CPU
		{2D50BD82-7D12-4135-AAAF-6793B1C5F525}.Debug|Any CPU.Build.0 = Debug|Any CPU
		{2D50BD82-7D12-4135-AAAF-6793B1C5F525}.Release|Any CPU.ActiveCfg = Release|Any CPU
		{2D50BD82-7D12-4135-AAAF-6793B1C5F525}.Release|Any CPU.Build.0 = Release|Any CPU
		{E063A7BF-3A67-450D-ABA9-E84D8EE8A285}.Debug|Any CPU.ActiveCfg = Debug|Any CPU
		{E063A7BF-3A67-450D-ABA9-E84D8EE8A285}.Debug|Any CPU.Build.0 = Debug|Any CPU
		{E063A7BF-3A67-450D-ABA9-E84D8EE8A285}.Release|Any CPU.ActiveCfg = Release|Any CPU
		{E063A7BF-3A67-450D-ABA9-E84D8EE8A285}.Release|Any CPU.Build.0 = Release|Any CPU
		{B6F34B69-8E81-448F-BEA1-B4DA3DED566C}.Debug|Any CPU.ActiveCfg = Debug|Any CPU
		{B6F34B69-8E81-448F-BEA1-B4DA3DED566C}.Debug|Any CPU.Build.0 = Debug|Any CPU
		{B6F34B69-8E81-448F-BEA1-B4DA3DED566C}.Release|Any CPU.ActiveCfg = Release|Any CPU
		{B6F34B69-8E81-448F-BEA1-B4DA3DED566C}.Release|Any CPU.Build.0 = Release|Any CPU
		{1EE21E98-CD3C-41B1-AE9B-1DC776FC4BFC}.Debug|Any CPU.ActiveCfg = Debug|Any CPU
		{1EE21E98-CD3C-41B1-AE9B-1DC776FC4BFC}.Debug|Any CPU.Build.0 = Debug|Any CPU
		{1EE21E98-CD3C-41B1-AE9B-1DC776FC4BFC}.Release|Any CPU.ActiveCfg = Release|Any CPU
		{1EE21E98-CD3C-41B1-AE9B-1DC776FC4BFC}.Release|Any CPU.Build.0 = Release|Any CPU
		{6B0627D6-FC80-4096-92F4-6915008E7627}.Debug|Any CPU.ActiveCfg = Debug|Any CPU
		{6B0627D6-FC80-4096-92F4-6915008E7627}.Debug|Any CPU.Build.0 = Debug|Any CPU
		{6B0627D6-FC80-4096-92F4-6915008E7627}.Release|Any CPU.ActiveCfg = Release|Any CPU
		{6B0627D6-FC80-4096-92F4-6915008E7627}.Release|Any CPU.Build.0 = Release|Any CPU
		{CE720216-0D28-4302-AB7A-86D98C0D0983}.Debug|Any CPU.ActiveCfg = Debug|Any CPU
		{CE720216-0D28-4302-AB7A-86D98C0D0983}.Debug|Any CPU.Build.0 = Debug|Any CPU
		{CE720216-0D28-4302-AB7A-86D98C0D0983}.Release|Any CPU.ActiveCfg = Release|Any CPU
		{CE720216-0D28-4302-AB7A-86D98C0D0983}.Release|Any CPU.Build.0 = Release|Any CPU
		{048585B4-0335-4E68-849C-735F48F022DA}.Debug|Any CPU.ActiveCfg = Debug|Any CPU
		{048585B4-0335-4E68-849C-735F48F022DA}.Debug|Any CPU.Build.0 = Debug|Any CPU
		{048585B4-0335-4E68-849C-735F48F022DA}.Release|Any CPU.ActiveCfg = Release|Any CPU
		{048585B4-0335-4E68-849C-735F48F022DA}.Release|Any CPU.Build.0 = Release|Any CPU
		{99F4C37D-1CFA-4EC8-83C9-3C862AE20DE6}.Debug|Any CPU.ActiveCfg = Debug|Any CPU
		{99F4C37D-1CFA-4EC8-83C9-3C862AE20DE6}.Debug|Any CPU.Build.0 = Debug|Any CPU
		{99F4C37D-1CFA-4EC8-83C9-3C862AE20DE6}.Release|Any CPU.ActiveCfg = Release|Any CPU
		{99F4C37D-1CFA-4EC8-83C9-3C862AE20DE6}.Release|Any CPU.Build.0 = Release|Any CPU
		{EAA1F3C4-1349-4486-9DD0-BF4A04ABDE34}.Debug|Any CPU.ActiveCfg = Debug|Any CPU
		{EAA1F3C4-1349-4486-9DD0-BF4A04ABDE34}.Debug|Any CPU.Build.0 = Debug|Any CPU
		{EAA1F3C4-1349-4486-9DD0-BF4A04ABDE34}.Release|Any CPU.ActiveCfg = Release|Any CPU
		{EAA1F3C4-1349-4486-9DD0-BF4A04ABDE34}.Release|Any CPU.Build.0 = Release|Any CPU
		{22AA6B61-61EA-4E8C-909E-B4F1E53A653F}.Debug|Any CPU.ActiveCfg = Debug|Any CPU
		{22AA6B61-61EA-4E8C-909E-B4F1E53A653F}.Debug|Any CPU.Build.0 = Debug|Any CPU
		{22AA6B61-61EA-4E8C-909E-B4F1E53A653F}.Release|Any CPU.ActiveCfg = Release|Any CPU
		{22AA6B61-61EA-4E8C-909E-B4F1E53A653F}.Release|Any CPU.Build.0 = Release|Any CPU
		{92E37A29-90F6-4559-BFE9-07E94748A761}.Debug|Any CPU.ActiveCfg = Debug|Any CPU
		{92E37A29-90F6-4559-BFE9-07E94748A761}.Debug|Any CPU.Build.0 = Debug|Any CPU
		{92E37A29-90F6-4559-BFE9-07E94748A761}.Release|Any CPU.ActiveCfg = Release|Any CPU
		{92E37A29-90F6-4559-BFE9-07E94748A761}.Release|Any CPU.Build.0 = Release|Any CPU
		{22B33CF7-93FA-441F-8617-69ADBE0EF594}.Debug|Any CPU.ActiveCfg = Debug|Any CPU
		{22B33CF7-93FA-441F-8617-69ADBE0EF594}.Debug|Any CPU.Build.0 = Debug|Any CPU
		{22B33CF7-93FA-441F-8617-69ADBE0EF594}.Release|Any CPU.ActiveCfg = Release|Any CPU
		{22B33CF7-93FA-441F-8617-69ADBE0EF594}.Release|Any CPU.Build.0 = Release|Any CPU
		{12B15673-C554-41BD-8AD8-FC4980B65DB6}.Debug|Any CPU.ActiveCfg = Debug|Any CPU
		{12B15673-C554-41BD-8AD8-FC4980B65DB6}.Debug|Any CPU.Build.0 = Debug|Any CPU
		{12B15673-C554-41BD-8AD8-FC4980B65DB6}.Release|Any CPU.ActiveCfg = Release|Any CPU
		{12B15673-C554-41BD-8AD8-FC4980B65DB6}.Release|Any CPU.Build.0 = Release|Any CPU
		{8CEB4494-D6DC-444D-B4C2-7613E6E34908}.Debug|Any CPU.ActiveCfg = Debug|Any CPU
		{8CEB4494-D6DC-444D-B4C2-7613E6E34908}.Debug|Any CPU.Build.0 = Debug|Any CPU
		{8CEB4494-D6DC-444D-B4C2-7613E6E34908}.Release|Any CPU.ActiveCfg = Release|Any CPU
		{8CEB4494-D6DC-444D-B4C2-7613E6E34908}.Release|Any CPU.Build.0 = Release|Any CPU
		{B4EA6499-BCAE-40B3-B643-BC1D0E2B4880}.Debug|Any CPU.ActiveCfg = Debug|Any CPU
		{B4EA6499-BCAE-40B3-B643-BC1D0E2B4880}.Debug|Any CPU.Build.0 = Debug|Any CPU
		{B4EA6499-BCAE-40B3-B643-BC1D0E2B4880}.Release|Any CPU.ActiveCfg = Release|Any CPU
		{B4EA6499-BCAE-40B3-B643-BC1D0E2B4880}.Release|Any CPU.Build.0 = Release|Any CPU
		{226F957E-CBFF-46C8-91BE-750C3B09E820}.Debug|Any CPU.ActiveCfg = Debug|Any CPU
		{226F957E-CBFF-46C8-91BE-750C3B09E820}.Debug|Any CPU.Build.0 = Debug|Any CPU
		{226F957E-CBFF-46C8-91BE-750C3B09E820}.Release|Any CPU.ActiveCfg = Release|Any CPU
		{226F957E-CBFF-46C8-91BE-750C3B09E820}.Release|Any CPU.Build.0 = Release|Any CPU
		{BBAFCB56-0DA4-465F-A42A-694C308BCD77}.Debug|Any CPU.ActiveCfg = Debug|Any CPU
		{BBAFCB56-0DA4-465F-A42A-694C308BCD77}.Debug|Any CPU.Build.0 = Debug|Any CPU
		{BBAFCB56-0DA4-465F-A42A-694C308BCD77}.Release|Any CPU.ActiveCfg = Release|Any CPU
		{BBAFCB56-0DA4-465F-A42A-694C308BCD77}.Release|Any CPU.Build.0 = Release|Any CPU
	EndGlobalSection
	GlobalSection(SolutionProperties) = preSolution
		HideSolutionNode = FALSE
	EndGlobalSection
	GlobalSection(NestedProjects) = preSolution
		{3D20D067-86EC-4A28-91E7-A8FCE88B0191} = {94CD8266-444F-432D-AE3F-800D2928BE88}
		{1340D858-12E3-45BD-8144-86E4BBFDEF73} = {94CD8266-444F-432D-AE3F-800D2928BE88}
		{2D50BD82-7D12-4135-AAAF-6793B1C5F525} = {94CD8266-444F-432D-AE3F-800D2928BE88}
		{E063A7BF-3A67-450D-ABA9-E84D8EE8A285} = {94CD8266-444F-432D-AE3F-800D2928BE88}
		{B6F34B69-8E81-448F-BEA1-B4DA3DED566C} = {A515D5B1-BE16-427B-8B1D-5BD5B89A297E}
		{1EE21E98-CD3C-41B1-AE9B-1DC776FC4BFC} = {A515D5B1-BE16-427B-8B1D-5BD5B89A297E}
		{6B0627D6-FC80-4096-92F4-6915008E7627} = {A515D5B1-BE16-427B-8B1D-5BD5B89A297E}
		{CE720216-0D28-4302-AB7A-86D98C0D0983} = {BA816845-35D1-4AB8-BAE3-20D7030C05C6}
		{048585B4-0335-4E68-849C-735F48F022DA} = {BA816845-35D1-4AB8-BAE3-20D7030C05C6}
		{99F4C37D-1CFA-4EC8-83C9-3C862AE20DE6} = {BA816845-35D1-4AB8-BAE3-20D7030C05C6}
		{EAA1F3C4-1349-4486-9DD0-BF4A04ABDE34} = {BA816845-35D1-4AB8-BAE3-20D7030C05C6}
		{22AA6B61-61EA-4E8C-909E-B4F1E53A653F} = {BA816845-35D1-4AB8-BAE3-20D7030C05C6}
		{92E37A29-90F6-4559-BFE9-07E94748A761} = {1F29A3C7-3F46-4608-A1AA-F32EBDAFE123}
		{22B33CF7-93FA-441F-8617-69ADBE0EF594} = {1F29A3C7-3F46-4608-A1AA-F32EBDAFE123}
		{12B15673-C554-41BD-8AD8-FC4980B65DB6} = {1F29A3C7-3F46-4608-A1AA-F32EBDAFE123}
		{8CEB4494-D6DC-444D-B4C2-7613E6E34908} = {1F29A3C7-3F46-4608-A1AA-F32EBDAFE123}
		{B4EA6499-BCAE-40B3-B643-BC1D0E2B4880} = {AA3FDC2C-DBEF-40EF-A8D9-261968C8C458}
		{226F957E-CBFF-46C8-91BE-750C3B09E820} = {AA3FDC2C-DBEF-40EF-A8D9-261968C8C458}
		{BBAFCB56-0DA4-465F-A42A-694C308BCD77} = {AA3FDC2C-DBEF-40EF-A8D9-261968C8C458}
	EndGlobalSection
	GlobalSection(ExtensibilityGlobals) = postSolution
		SolutionGuid = {30245093-15A6-41AC-B288-D54F493CFFC0}
	EndGlobalSection
EndGlobal
